
Microsoft Visual Studio Solution File, Format Version 12.00
# Visual Studio Version 17
VisualStudioVersion = 17.11.35208.52
MinimumVisualStudioVersion = 10.0.40219.1
Project("{9A19103F-16F7-4668-BE54-9A1E7A4F7556}") = "AwardProjectWeb", "AwardProject\AwardProjectWeb.csproj", "{CE913239-563A-49A4-A05A-29534993ED0F}"
EndProject
Project("{FAE04EC0-301F-11D3-BF4B-00C04F79EFBC}") = "AwardProjectApi", "AwardProjectApi\AwardProjectApi.csproj", "{12B6A445-96B5-4D64-B68E-DC48825444CE}"
EndProject
Project("{2150E333-8FDC-42A3-9474-1A3956D46DE8}") = "PresentationLayer", "PresentationLayer", "{02AE8B9C-1A4E-4F48-92B7-494B3C729A20}"
EndProject
Project("{2150E333-8FDC-42A3-9474-1A3956D46DE8}") = "EntityLayer", "EntityLayer", "{E85BEE46-BE97-4C5A-A92A-79713568E3B4}"
EndProject
Project("{FAE04EC0-301F-11D3-BF4B-00C04F79EFBC}") = "AwardProjectEntity", "AwardProjectEntity\AwardProjectEntity.csproj", "{B6F4FEE1-C21C-4179-AFC1-39C70D9C5876}"
EndProject
Global
	GlobalSection(SolutionConfigurationPlatforms) = preSolution
		Debug|Any CPU = Debug|Any CPU
		Release|Any CPU = Release|Any CPU
	EndGlobalSection
	GlobalSection(ProjectConfigurationPlatforms) = postSolution
		{CE913239-563A-49A4-A05A-29534993ED0F}.Debug|Any CPU.ActiveCfg = Debug|Any CPU
		{CE913239-563A-49A4-A05A-29534993ED0F}.Debug|Any CPU.Build.0 = Debug|Any CPU
		{CE913239-563A-49A4-A05A-29534993ED0F}.Release|Any CPU.ActiveCfg = Release|Any CPU
		{CE913239-563A-49A4-A05A-29534993ED0F}.Release|Any CPU.Build.0 = Release|Any CPU
		{12B6A445-96B5-4D64-B68E-DC48825444CE}.Debug|Any CPU.ActiveCfg = Debug|Any CPU
		{12B6A445-96B5-4D64-B68E-DC48825444CE}.Debug|Any CPU.Build.0 = Debug|Any CPU
		{12B6A445-96B5-4D64-B68E-DC48825444CE}.Release|Any CPU.ActiveCfg = Release|Any CPU
		{12B6A445-96B5-4D64-B68E-DC48825444CE}.Release|Any CPU.Build.0 = Release|Any CPU
		{B6F4FEE1-C21C-4179-AFC1-39C70D9C5876}.Debug|Any CPU.ActiveCfg = Debug|Any CPU
		{B6F4FEE1-C21C-4179-AFC1-39C70D9C5876}.Debug|Any CPU.Build.0 = Debug|Any CPU
		{B6F4FEE1-C21C-4179-AFC1-39C70D9C5876}.Release|Any CPU.ActiveCfg = Release|Any CPU
		{B6F4FEE1-C21C-4179-AFC1-39C70D9C5876}.Release|Any CPU.Build.0 = Release|Any CPU
	EndGlobalSection
	GlobalSection(SolutionProperties) = preSolution
		HideSolutionNode = FALSE
	EndGlobalSection
	GlobalSection(NestedProjects) = preSolution
		{CE913239-563A-49A4-A05A-29534993ED0F} = {02AE8B9C-1A4E-4F48-92B7-494B3C729A20}
		{12B6A445-96B5-4D64-B68E-DC48825444CE} = {02AE8B9C-1A4E-4F48-92B7-494B3C729A20}
		{B6F4FEE1-C21C-4179-AFC1-39C70D9C5876} = {E85BEE46-BE97-4C5A-A92A-79713568E3B4}
	EndGlobalSection
	GlobalSection(ExtensibilityGlobals) = postSolution
		SolutionGuid = {57B6F4D1-A50A-4423-A0DF-2C3F86574153}
	EndGlobalSection
EndGlobal
